
Microsoft Visual Studio Solution File, Format Version 12.00
# Visual Studio Version 17
VisualStudioVersion = 17.3.32611.2
MinimumVisualStudioVersion = 10.0.40219.1
Project("{FAE04EC0-301F-11D3-BF4B-00C04F79EFBC}") = "FoodZone.Models", "FoodZone.Models\FoodZone.Models.csproj", "{FF545966-F66F-4999-89E6-0AC23AC1E6F5}"
EndProject
Project("{FAE04EC0-301F-11D3-BF4B-00C04F79EFBC}") = "FoodZone.Data", "FoodZone.Data\FoodZone.Data.csproj", "{81ED4173-FD9D-4C93-BC09-45BA3C123011}"
EndProject
Project("{FAE04EC0-301F-11D3-BF4B-00C04F79EFBC}") = "FoodZone.Services", "FoodZone.Services\FoodZone.Services.csproj", "{6DB311E6-1C40-4BB6-B68F-9312A0137F2D}"
EndProject
Project("{FAE04EC0-301F-11D3-BF4B-00C04F79EFBC}") = "FoodZone.Web", "FoodZone.Web\FoodZone.Web.csproj", "{862006E6-4464-49BD-B83C-80E938628045}"
EndProject
Global
	GlobalSection(SolutionConfigurationPlatforms) = preSolution
		Debug|Any CPU = Debug|Any CPU
		Release|Any CPU = Release|Any CPU
	EndGlobalSection
	GlobalSection(ProjectConfigurationPlatforms) = postSolution
		{FF545966-F66F-4999-89E6-0AC23AC1E6F5}.Debug|Any CPU.ActiveCfg = Debug|Any CPU
		{FF545966-F66F-4999-89E6-0AC23AC1E6F5}.Debug|Any CPU.Build.0 = Debug|Any CPU
		{FF545966-F66F-4999-89E6-0AC23AC1E6F5}.Release|Any CPU.ActiveCfg = Release|Any CPU
		{FF545966-F66F-4999-89E6-0AC23AC1E6F5}.Release|Any CPU.Build.0 = Release|Any CPU
		{81ED4173-FD9D-4C93-BC09-45BA3C123011}.Debug|Any CPU.ActiveCfg = Debug|Any CPU
		{81ED4173-FD9D-4C93-BC09-45BA3C123011}.Debug|Any CPU.Build.0 = Debug|Any CPU
		{81ED4173-FD9D-4C93-BC09-45BA3C123011}.Release|Any CPU.ActiveCfg = Release|Any CPU
		{81ED4173-FD9D-4C93-BC09-45BA3C123011}.Release|Any CPU.Build.0 = Release|Any CPU
		{6DB311E6-1C40-4BB6-B68F-9312A0137F2D}.Debug|Any CPU.ActiveCfg = Debug|Any CPU
		{6DB311E6-1C40-4BB6-B68F-9312A0137F2D}.Debug|Any CPU.Build.0 = Debug|Any CPU
		{6DB311E6-1C40-4BB6-B68F-9312A0137F2D}.Release|Any CPU.ActiveCfg = Release|Any CPU
		{6DB311E6-1C40-4BB6-B68F-9312A0137F2D}.Release|Any CPU.Build.0 = Release|Any CPU
		{862006E6-4464-49BD-B83C-80E938628045}.Debug|Any CPU.ActiveCfg = Debug|Any CPU
		{862006E6-4464-49BD-B83C-80E938628045}.Debug|Any CPU.Build.0 = Debug|Any CPU
		{862006E6-4464-49BD-B83C-80E938628045}.Release|Any CPU.ActiveCfg = Release|Any CPU
		{862006E6-4464-49BD-B83C-80E938628045}.Release|Any CPU.Build.0 = Release|Any CPU
	EndGlobalSection
	GlobalSection(SolutionProperties) = preSolution
		HideSolutionNode = FALSE
	EndGlobalSection
	GlobalSection(ExtensibilityGlobals) = postSolution
		SolutionGuid = {1D020AE3-F98A-4B4D-B2C5-D6459F62E967}
	EndGlobalSection
EndGlobal
